{
  "name": "@fake-node/fs",
  "version": "0.1.0",
  "lockfileVersion": 3,
  "requires": true,
  "packages": {
    "": {
      "name": "@fake-node/fs",
      "version": "0.1.0",
      "license": "MIT",
      "devDependencies": {
        "@fake-node/types": "^0.3.0"
      }
    },
    "node_modules/@fake-node/types": {
      "version": "0.3.0",
      "resolved": "https://registry.npmjs.org/@fake-node/types/-/types-0.3.0.tgz",
      "integrity": "sha512-dvj+R8uFBUgUObmaejdxRWwNyb5I3tPsqRwh8exavPKv4JJzKovD9bHlUkYA6gnkUesYTiQrfdMzAug2jqLdUg==",
      "dev": true,
      "license": "MIT"
    }
  }
}
